<?xml version="1.0" encoding="utf-8"?>
<Project ToolsVersion="4.0" xmlns="http://schemas.microsoft.com/developer/msbuild/2003">
  <ItemGroup>
    <ClCompile Include="Car.cpp" />
    <ClCompile Include="CarBlastParticle.cpp" />
    <ClCompile Include="CarManager.cpp" />
    <ClCompile Include="Collision.cpp" />
    <ClCompile Include="EaseClass.cpp" />
    <ClCompile Include="Game.cpp" />
    <ClCompile Include="GameManager.cpp" />
    <ClCompile Include="main.cpp" />
    <ClCompile Include="Matrix4.cpp" />
    <ClCompile Include="Primitive.cpp" />
    <ClCompile Include="Quaternion.cpp" />
    <ClCompile Include="RoadSign.cpp" />
    <ClCompile Include="RoadSignManager.cpp" />
    <ClCompile Include="SoundManager.cpp" />
    <ClCompile Include="Vector3.cpp" />
    <ClCompile Include="XGuardian.cpp" />
    <ClCompile Include="Input.cpp" />
    <ClCompile Include="playManager.cpp" />
    <ClCompile Include="GameInput.cpp" />
    <ClCompile Include="GameNum.cpp" />
    <ClCompile Include="angryParticle.cpp" />
  </ItemGroup>
  <ItemGroup>
    <ClInclude Include="Car.h" />
    <ClInclude Include="CarBlastParticle.h" />
    <ClInclude Include="CarManager.h" />
    <ClInclude Include="Collision.h" />
    <ClInclude Include="EaseClass.h" />
    <ClInclude Include="Game.h" />
    <ClInclude Include="GameManager.h" />
    <ClInclude Include="Matrix4.h" />
    <ClInclude Include="Primitive.h" />
    <ClInclude Include="Quaternion.h" />
    <ClInclude Include="RoadSign.h" />
    <ClInclude Include="RoadSignManager.h" />
    <ClInclude Include="SoundManager.h" />
    <ClInclude Include="Vector3.h" />
    <ClInclude Include="XGuardian.h" />
    <ClInclude Include="Input.h" />
    <ClInclude Include="playManager.h" />
    <ClInclude Include="GameInput.h" />
    <ClInclude Include="GameNum.h" />
    <ClInclude Include="angryParticle.h" />
  </ItemGroup>
</Project>